
Microsoft Visual Studio Solution File, Format Version 12.00
Project("{FAE04EC0-301F-11D3-BF4B-00C04F79EFBC}") = "Task6", "Task6\Task6.csproj", "{813A0194-46CD-407E-97B2-2EF393961FDB}"
EndProject
Global
	GlobalSection(SolutionConfigurationPlatforms) = preSolution
		Debug|Any CPU = Debug|Any CPU
		Release|Any CPU = Release|Any CPU
	EndGlobalSection
	GlobalSection(ProjectConfigurationPlatforms) = postSolution
		{813A0194-46CD-407E-97B2-2EF393961FDB}.Debug|Any CPU.ActiveCfg = Debug|Any CPU
		{813A0194-46CD-407E-97B2-2EF393961FDB}.Debug|Any CPU.Build.0 = Debug|Any CPU
		{813A0194-46CD-407E-97B2-2EF393961FDB}.Release|Any CPU.ActiveCfg = Release|Any CPU
		{813A0194-46CD-407E-97B2-2EF393961FDB}.Release|Any CPU.Build.0 = Release|Any CPU
	EndGlobalSection
EndGlobal
